// !$*UTF8*$!
{
	archiveVersion = 1;
	classes = {
	};
	objectVersion = 46;
	objects = {

/* Begin PBXBuildFile section */
		00414CE61CE2B3AB002B6B1B /* AppDelegate.swift in Sources */ = {isa = PBXBuildFile; fileRef = 00414CE51CE2B3AB002B6B1B /* AppDelegate.swift */; };
		00414CE81CE2B3AB002B6B1B /* ViewController.swift in Sources */ = {isa = PBXBuildFile; fileRef = 00414CE71CE2B3AB002B6B1B /* ViewController.swift */; };
		00414CEB1CE2B3AB002B6B1B /* Main.storyboard in Resources */ = {isa = PBXBuildFile; fileRef = 00414CE91CE2B3AB002B6B1B /* Main.storyboard */; };
		00414CED1CE2B3AB002B6B1B /* Assets.xcassets in Resources */ = {isa = PBXBuildFile; fileRef = 00414CEC1CE2B3AB002B6B1B /* Assets.xcassets */; };
		00414CF01CE2B3AB002B6B1B /* LaunchScreen.storyboard in Resources */ = {isa = PBXBuildFile; fileRef = 00414CEE1CE2B3AB002B6B1B /* LaunchScreen.storyboard */; };
		00414CFB1CE2B3AB002B6B1B /* MrBatteryTests.swift in Sources */ = {isa = PBXBuildFile; fileRef = 00414CFA1CE2B3AB002B6B1B /* MrBatteryTests.swift */; };
		00414D061CE2B3AB002B6B1B /* MrBatteryUITests.swift in Sources */ = {isa = PBXBuildFile; fileRef = 00414D051CE2B3AB002B6B1B /* MrBatteryUITests.swift */; };
/* End PBXBuildFile section */

/* Begin PBXContainerItemProxy section */
		00414CF71CE2B3AB002B6B1B /* PBXContainerItemProxy */ = {
			isa = PBXContainerItemProxy;
			containerPortal = 00414CDA1CE2B3AB002B6B1B /* Project object */;
			proxyType = 1;
			remoteGlobalIDString = 00414CE11CE2B3AB002B6B1B;
			remoteInfo = MrBattery;
		};
		00414D021CE2B3AB002B6B1B /* PBXContainerItemProxy */ = {
			isa = PBXContainerItemProxy;
			containerPortal = 00414CDA1CE2B3AB002B6B1B /* Project object */;
			proxyType = 1;
			remoteGlobalIDString = 00414CE11CE2B3AB002B6B1B;
			remoteInfo = MrBattery;
		};
/* End PBXContainerItemProxy section */

/* Begin PBXFileReference section */
		00414CE21CE2B3AB002B6B1B /* MrBattery.app */ = {isa = PBXFileReference; explicitFileType = wrapper.application; includeInIndex = 0; path = MrBattery.app; sourceTree = BUILT_PRODUCTS_DIR; };
		00414CE51CE2B3AB002B6B1B /* AppDelegate.swift */ = {isa = PBXFileReference; lastKnownFileType = sourcecode.swift; path = AppDelegate.swift; sourceTree = "<group>"; };
		00414CE71CE2B3AB002B6B1B /* ViewController.swift */ = {isa = PBXFileReference; lastKnownFileType = sourcecode.swift; path = ViewController.swift; sourceTree = "<group>"; };
		00414CEA1CE2B3AB002B6B1B /* Base */ = {isa = PBXFileReference; lastKnownFileType = file.storyboard; name = Base; path = Base.lproj/Main.storyboard; sourceTree = "<group>"; };
		00414CEC1CE2B3AB002B6B1B /* Assets.xcassets */ = {isa = PBXFileReference; lastKnownFileType = folder.assetcatalog; path = Assets.xcassets; sourceTree = "<group>"; };
		00414CEF1CE2B3AB002B6B1B /* Base */ = {isa = PBXFileReference; lastKnownFileType = file.storyboard; name = Base; path = Base.lproj/LaunchScreen.storyboard; sourceTree = "<group>"; };
		00414CF11CE2B3AB002B6B1B /* Info.plist */ = {isa = PBXFileReference; lastKnownFileType = text.plist.xml; path = Info.plist; sourceTree = "<group>"; };
		00414CF61CE2B3AB002B6B1B /* MrBatteryTests.xctest */ = {isa = PBXFileReference; explicitFileType = wrapper.cfbundle; includeInIndex = 0; path = MrBatteryTests.xctest; sourceTree = BUILT_PRODUCTS_DIR; };
		00414CFA1CE2B3AB002B6B1B /* MrBatteryTests.swift */ = {isa = PBXFileReference; lastKnownFileType = sourcecode.swift; path = MrBatteryTests.swift; sourceTree = "<group>"; };
		00414CFC1CE2B3AB002B6B1B /* Info.plist */ = {isa = PBXFileReference; lastKnownFileType = text.plist.xml; path = Info.plist; sourceTree = "<group>"; };
		00414D011CE2B3AB002B6B1B /* MrBatteryUITests.xctest */ = {isa = PBXFileReference; explicitFileType = wrapper.cfbundle; includeInIndex = 0; path = MrBatteryUITests.xctest; sourceTree = BUILT_PRODUCTS_DIR; };
		00414D051CE2B3AB002B6B1B /* MrBatteryUITests.swift */ = {isa = PBXFileReference; lastKnownFileType = sourcecode.swift; path = MrBatteryUITests.swift; sourceTree = "<group>"; };
		00414D071CE2B3AB002B6B1B /* Info.plist */ = {isa = PBXFileReference; lastKnownFileType = text.plist.xml; path = Info.plist; sourceTree = "<group>"; };
/* End PBXFileReference section */

/* Begin PBXFrameworksBuildPhase section */
		00414CDF1CE2B3AB002B6B1B /* Frameworks */ = {
			isa = PBXFrameworksBuildPhase;
			buildActionMask = 2147483647;
			files = (
			);
			runOnlyForDeploymentPostprocessing = 0;
		};
		00414CF31CE2B3AB002B6B1B /* Frameworks */ = {
			isa = PBXFrameworksBuildPhase;
			buildActionMask = 2147483647;
			files = (
			);
			runOnlyForDeploymentPostprocessing = 0;
		};
		00414CFE1CE2B3AB002B6B1B /* Frameworks */ = {
			isa = PBXFrameworksBuildPhase;
			buildActionMask = 2147483647;
			files = (
			);
			runOnlyForDeploymentPostprocessing = 0;
		};
/* End PBXFrameworksBuildPhase section */

/* Begin PBXGroup section */
		00414CD91CE2B3AB002B6B1B = {
			isa = PBXGroup;
			children = (
				00414CE41CE2B3AB002B6B1B /* MrBattery */,
				00414CF91CE2B3AB002B6B1B /* MrBatteryTests */,
				00414D041CE2B3AB002B6B1B /* MrBatteryUITests */,
				00414CE31CE2B3AB002B6B1B /* Products */,
			);
			sourceTree = "<group>";
		};
		00414CE31CE2B3AB002B6B1B /* Products */ = {
			isa = PBXGroup;
			children = (
				00414CE21CE2B3AB002B6B1B /* MrBattery.app */,
				00414CF61CE2B3AB002B6B1B /* MrBatteryTests.xctest */,
				00414D011CE2B3AB002B6B1B /* MrBatteryUITests.xctest */,
			);
			name = Products;
			sourceTree = "<group>";
		};
		00414CE41CE2B3AB002B6B1B /* MrBattery */ = {
			isa = PBXGroup;
			children = (
				00414CE51CE2B3AB002B6B1B /* AppDelegate.swift */,
				00414CE71CE2B3AB002B6B1B /* ViewController.swift */,
				00414CE91CE2B3AB002B6B1B /* Main.storyboard */,
				00414CEC1CE2B3AB002B6B1B /* Assets.xcassets */,
				00414CEE1CE2B3AB002B6B1B /* LaunchScreen.storyboard */,
				00414CF11CE2B3AB002B6B1B /* Info.plist */,
			);
			path = MrBattery;
			sourceTree = "<group>";
		};
		00414CF91CE2B3AB002B6B1B /* MrBatteryTests */ = {
			isa = PBXGroup;
			children = (
				00414CFA1CE2B3AB002B6B1B /* MrBatteryTests.swift */,
				00414CFC1CE2B3AB002B6B1B /* Info.plist */,
			);
			path = MrBatteryTests;
			sourceTree = "<group>";
		};
		00414D041CE2B3AB002B6B1B /* MrBatteryUITests */ = {
			isa = PBXGroup;
			children = (
				00414D051CE2B3AB002B6B1B /* MrBatteryUITests.swift */,
				00414D071CE2B3AB002B6B1B /* Info.plist */,
			);
			path = MrBatteryUITests;
			sourceTree = "<group>";
		};
/* End PBXGroup section */

/* Begin PBXNativeTarget section */
		00414CE11CE2B3AB002B6B1B /* MrBattery */ = {
			isa = PBXNativeTarget;
			buildConfigurationList = 00414D0A1CE2B3AB002B6B1B /* Build configuration list for PBXNativeTarget "MrBattery" */;
			buildPhases = (
				00414CDE1CE2B3AB002B6B1B /* Sources */,
				00414CDF1CE2B3AB002B6B1B /* Frameworks */,
				00414CE01CE2B3AB002B6B1B /* Resources */,
			);
			buildRules = (
			);
			dependencies = (
			);
			name = MrBattery;
			productName = MrBattery;
			productReference = 00414CE21CE2B3AB002B6B1B /* MrBattery.app */;
			productType = "com.apple.product-type.application";
		};
		00414CF51CE2B3AB002B6B1B /* MrBatteryTests */ = {
			isa = PBXNativeTarget;
			buildConfigurationList = 00414D0D1CE2B3AB002B6B1B /* Build configuration list for PBXNativeTarget "MrBatteryTests" */;
			buildPhases = (
				00414CF21CE2B3AB002B6B1B /* Sources */,
				00414CF31CE2B3AB002B6B1B /* Frameworks */,
				00414CF41CE2B3AB002B6B1B /* Resources */,
			);
			buildRules = (
			);
			dependencies = (
				00414CF81CE2B3AB002B6B1B /* PBXTargetDependency */,
			);
			name = MrBatteryTests;
			productName = MrBatteryTests;
			productReference = 00414CF61CE2B3AB002B6B1B /* MrBatteryTests.xctest */;
			productType = "com.apple.product-type.bundle.unit-test";
		};
		00414D001CE2B3AB002B6B1B /* MrBatteryUITests */ = {
			isa = PBXNativeTarget;
			buildConfigurationList = 00414D101CE2B3AB002B6B1B /* Build configuration list for PBXNativeTarget "MrBatteryUITests" */;
			buildPhases = (
				00414CFD1CE2B3AB002B6B1B /* Sources */,
				00414CFE1CE2B3AB002B6B1B /* Frameworks */,
				00414CFF1CE2B3AB002B6B1B /* Resources */,
			);
			buildRules = (
			);
			dependencies = (
				00414D031CE2B3AB002B6B1B /* PBXTargetDependency */,
			);
			name = MrBatteryUITests;
			productName = MrBatteryUITests;
			productReference = 00414D011CE2B3AB002B6B1B /* MrBatteryUITests.xctest */;
			productType = "com.apple.product-type.bundle.ui-testing";
		};
/* End PBXNativeTarget section */

/* Begin PBXProject section */
		00414CDA1CE2B3AB002B6B1B /* Project object */ = {
			isa = PBXProject;
			attributes = {
				LastSwiftUpdateCheck = 0730;
				LastUpgradeCheck = 0730;
				ORGANIZATIONNAME = shaw;
				TargetAttributes = {
					00414CE11CE2B3AB002B6B1B = {
						CreatedOnToolsVersion = 7.3;
						DevelopmentTeam = 7ARBYM7B99;
					};
					00414CF51CE2B3AB002B6B1B = {
						CreatedOnToolsVersion = 7.3;
						TestTargetID = 00414CE11CE2B3AB002B6B1B;
					};
					00414D001CE2B3AB002B6B1B = {
						CreatedOnToolsVersion = 7.3;
						TestTargetID = 00414CE11CE2B3AB002B6B1B;
					};
				};
			};
			buildConfigurationList = 00414CDD1CE2B3AB002B6B1B /* Build configuration list for PBXProject "MrBattery" */;
			compatibilityVersion = "Xcode 3.2";
			developmentRegion = English;
			hasScannedForEncodings = 0;
			knownRegions = (
				en,
				Base,
			);
			mainGroup = 00414CD91CE2B3AB002B6B1B;
			productRefGroup = 00414CE31CE2B3AB002B6B1B /* Products */;
			projectDirPath = "";
			projectRoot = "";
			targets = (
				00414CE11CE2B3AB002B6B1B /* MrBattery */,
				00414CF51CE2B3AB002B6B1B /* MrBatteryTests */,
				00414D001CE2B3AB002B6B1B /* MrBatteryUITests */,
			);
		};
/* End PBXProject section */

/* Begin PBXResourcesBuildPhase section */
		00414CE01CE2B3AB002B6B1B /* Resources */ = {
			isa = PBXResourcesBuildPhase;
			buildActionMask = 2147483647;
			files = (
				00414CF01CE2B3AB002B6B1B /* LaunchScreen.storyboard in Resources */,
				00414CED1CE2B3AB002B6B1B /* Assets.xcassets in Resources */,
				00414CEB1CE2B3AB002B6B1B /* Main.storyboard in Resources */,
			);
			runOnlyForDeploymentPostprocessing = 0;
		};
		00414CF41CE2B3AB002B6B1B /* Resources */ = {
			isa = PBXResourcesBuildPhase;
			buildActionMask = 2147483647;
			files = (
			);
			runOnlyForDeploymentPostprocessing = 0;
		};
		00414CFF1CE2B3AB002B6B1B /* Resources */ = {
			isa = PBXResourcesBuildPhase;
			buildActionMask = 2147483647;
			files = (
			);
			runOnlyForDeploymentPostprocessing = 0;
		};
/* End PBXResourcesBuildPhase section */

/* Begin PBXSourcesBuildPhase section */
		00414CDE1CE2B3AB002B6B1B /* Sources */ = {
			isa = PBXSourcesBuildPhase;
			buildActionMask = 2147483647;
			files = (
				00414CE81CE2B3AB002B6B1B /* ViewController.swift in Sources */,
				00414CE61CE2B3AB002B6B1B /* AppDelegate.swift in Sources */,
			);
			runOnlyForDeploymentPostprocessing = 0;
		};
		00414CF21CE2B3AB002B6B1B /* Sources */ = {
			isa = PBXSourcesBuildPhase;
			buildActionMask = 2147483647;
			files = (
				00414CFB1CE2B3AB002B6B1B /* MrBatteryTests.swift in Sources */,
			);
			runOnlyForDeploymentPostprocessing = 0;
		};
		00414CFD1CE2B3AB002B6B1B /* Sources */ = {
			isa = PBXSourcesBuildPhase;
			buildActionMask = 2147483647;
			files = (
				00414D061CE2B3AB002B6B1B /* MrBatteryUITests.swift in Sources */,
			);
			runOnlyForDeploymentPostprocessing = 0;
		};
/* End PBXSourcesBuildPhase section */

/* Begin PBXTargetDependency section */
		00414CF81CE2B3AB002B6B1B /* PBXTargetDependency */ = {
			isa = PBXTargetDependency;
			target = 00414CE11CE2B3AB002B6B1B /* MrBattery */;
			targetProxy = 00414CF71CE2B3AB002B6B1B /* PBXContainerItemProxy */;
		};
		00414D031CE2B3AB002B6B1B /* PBXTargetDependency */ = {
			isa = PBXTargetDependency;
			target = 00414CE11CE2B3AB002B6B1B /* MrBattery */;
			targetProxy = 00414D021CE2B3AB002B6B1B /* PBXContainerItemProxy */;
		};
/* End PBXTargetDependency section */

/* Begin PBXVariantGroup section */
		00414CE91CE2B3AB002B6B1B /* Main.storyboard */ = {
			isa = PBXVariantGroup;
			children = (
				00414CEA1CE2B3AB002B6B1B /* Base */,
			);
			name = Main.storyboard;
			sourceTree = "<group>";
		};
		00414CEE1CE2B3AB002B6B1B /* LaunchScreen.storyboard */ = {
			isa = PBXVariantGroup;
			children = (
				00414CEF1CE2B3AB002B6B1B /* Base */,
			);
			name = LaunchScreen.storyboard;
			sourceTree = "<group>";
		};
/* End PBXVariantGroup section */

/* Begin XCBuildConfiguration section */
		00414D081CE2B3AB002B6B1B /* Debug */ = {
			isa = XCBuildConfiguration;
			buildSettings = {
				ALWAYS_SEARCH_USER_PATHS = NO;
				CLANG_ANALYZER_NONNULL = YES;
				CLANG_CXX_LANGUAGE_STANDARD = "gnu++0x";
				CLANG_CXX_LIBRARY = "libc++";
				CLANG_ENABLE_MODULES = YES;
				CLANG_ENABLE_OBJC_ARC = YES;
				CLANG_WARN_BOOL_CONVERSION = YES;
				CLANG_WARN_CONSTANT_CONVERSION = YES;
				CLANG_WARN_DIRECT_OBJC_ISA_USAGE = YES_ERROR;
				CLANG_WARN_EMPTY_BODY = YES;
				CLANG_WARN_ENUM_CONVERSION = YES;
				CLANG_WARN_INT_CONVERSION = YES;
				CLANG_WARN_OBJC_ROOT_CLASS = YES_ERROR;
				CLANG_WARN_UNREACHABLE_CODE = YES;
				CLANG_WARN__DUPLICATE_METHOD_MATCH = YES;
				"CODE_SIGN_IDENTITY[sdk=iphoneos*]" = "iPhone Developer";
				COPY_PHASE_STRIP = NO;
				DEBUG_INFORMATION_FORMAT = dwarf;
				ENABLE_STRICT_OBJC_MSGSEND = YES;
				ENABLE_TESTABILITY = YES;
				GCC_C_LANGUAGE_STANDARD = gnu99;
				GCC_DYNAMIC_NO_PIC = NO;
				GCC_NO_COMMON_BLOCKS = YES;
				GCC_OPTIMIZATION_LEVEL = 0;
				GCC_PREPROCESSOR_DEFINITIONS = (
					"DEBUG=1",
					"$(inherited)",
				);
				GCC_WARN_64_TO_32_BIT_CONVERSION = YES;
				GCC_WARN_ABOUT_RETURN_TYPE = YES_ERROR;
				GCC_WARN_UNDECLARED_SELECTOR = YES;
				GCC_WARN_UNINITIALIZED_AUTOS = YES_AGGRESSIVE;
				GCC_WARN_UNUSED_FUNCTION = YES;
				GCC_WARN_UNUSED_VARIABLE = YES;
				IPHONEOS_DEPLOYMENT_TARGET = 9.3;
				MTL_ENABLE_DEBUG_INFO = YES;
				ONLY_ACTIVE_ARCH = YES;
				SDKROOT = iphoneos;
				SWIFT_OPTIMIZATION_LEVEL = "-Onone";
				TARGETED_DEVICE_FAMILY = "1,2";
			};
			name = Debug;
		};
		00414D091CE2B3AB002B6B1B /* Release */ = {
			isa = XCBuildConfiguration;
			buildSettings = {
				ALWAYS_SEARCH_USER_PATHS = NO;
				CLANG_ANALYZER_NONNULL = YES;
				CLANG_CXX_LANGUAGE_STANDARD = "gnu++0x";
				CLANG_CXX_LIBRARY = "libc++";
				CLANG_ENABLE_MODULES = YES;
				CLANG_ENABLE_OBJC_ARC = YES;
				CLANG_WARN_BOOL_CONVERSION = YES;
				CLANG_WARN_CONSTANT_CONVERSION = YES;
				CLANG_WARN_DIRECT_OBJC_ISA_USAGE = YES_ERROR;
				CLANG_WARN_EMPTY_BODY = YES;
				CLANG_WARN_ENUM_CONVERSION = YES;
				CLANG_WARN_INT_CONVERSION = YES;
				CLANG_WARN_OBJC_ROOT_CLASS = YES_ERROR;
				CLANG_WARN_UNREACHABLE_CODE = YES;
				CLANG_WARN__DUPLICATE_METHOD_MATCH = YES;
				"CODE_SIGN_IDENTITY[sdk=iphoneos*]" = "iPhone Developer";
				COPY_PHASE_STRIP = NO;
				DEBUG_INFORMATION_FORMAT = "dwarf-with-dsym";
				ENABLE_NS_ASSERTIONS = NO;
				ENABLE_STRICT_OBJC_MSGSEND = YES;
				GCC_C_LANGUAGE_STANDARD = gnu99;
				GCC_NO_COMMON_BLOCKS = YES;
				GCC_WARN_64_TO_32_BIT_CONVERSION = YES;
				GCC_WARN_ABOUT_RETURN_TYPE = YES_ERROR;
				GCC_WARN_UNDECLARED_SELECTOR = YES;
				GCC_WARN_UNINITIALIZED_AUTOS = YES_AGGRESSIVE;
				GCC_WARN_UNUSED_FUNCTION = YES;
				GCC_WARN_UNUSED_VARIABLE = YES;
				IPHONEOS_DEPLOYMENT_TARGET = 9.3;
				MTL_ENABLE_DEBUG_INFO = NO;
				SDKROOT = iphoneos;
				TARGETED_DEVICE_FAMILY = "1,2";
				VALIDATE_PRODUCT = YES;
			};
			name = Release;
		};
		00414D0B1CE2B3AB002B6B1B /* Debug */ = {
			isa = XCBuildConfiguration;
			buildSettings = {
				ASSETCATALOG_COMPILER_APPICON_NAME = AppIcon;
				CODE_SIGN_IDENTITY = "iPhone Developer";
				"CODE_SIGN_IDENTITY[sdk=iphoneos*]" = "iPhone Developer";
				INFOPLIST_FILE = MrBattery/Info.plist;
				LD_RUNPATH_SEARCH_PATHS = "$(inherited) @executable_path/Frameworks";
				PRODUCT_BUNDLE_IDENTIFIER = xiao.wang.MrBattery;
				PRODUCT_NAME = "$(TARGET_NAME)";
				PROVISIONING_PROFILE = "";
			};
			name = Debug;
		};
		00414D0C1CE2B3AB002B6B1B /* Release */ = {
			isa = XCBuildConfiguration;
			buildSettings = {
				ASSETCATALOG_COMPILER_APPICON_NAME = AppIcon;
				CODE_SIGN_IDENTITY = "iPhone Developer";
				"CODE_SIGN_IDENTITY[sdk=iphoneos*]" = "iPhone Developer";
				INFOPLIST_FILE = MrBattery/Info.plist;
				LD_RUNPATH_SEARCH_PATHS = "$(inherited) @executable_path/Frameworks";
				PRODUCT_BUNDLE_IDENTIFIER = xiao.wang.MrBattery;
				PRODUCT_NAME = "$(TARGET_NAME)";
				PROVISIONING_PROFILE = "";
			};
			name = Release;
		};
		00414D0E1CE2B3AB002B6B1B /* Debug */ = {
			isa = XCBuildConfiguration;
			buildSettings = {
				BUNDLE_LOADER = "$(TEST_HOST)";
				INFOPLIST_FILE = MrBatteryTests/Info.plist;
				LD_RUNPATH_SEARCH_PATHS = "$(inherited) @executable_path/Frameworks @loader_path/Frameworks";
				PRODUCT_BUNDLE_IDENTIFIER = xiao.wang.MrBatteryTests;
				PRODUCT_NAME = "$(TARGET_NAME)";
				TEST_HOST = "$(BUILT_PRODUCTS_DIR)/MrBattery.app/MrBattery";
			};
			name = Debug;
		};
		00414D0F1CE2B3AB002B6B1B /* Release */ = {
			isa = XCBuildConfiguration;
			buildSettings = {
				BUNDLE_LOADER = "$(TEST_HOST)";
				INFOPLIST_FILE = MrBatteryTests/Info.plist;
				LD_RUNPATH_SEARCH_PATHS = "$(inherited) @executable_path/Frameworks @loader_path/Frameworks";
				PRODUCT_BUNDLE_IDENTIFIER = xiao.wang.MrBatteryTests;
				PRODUCT_NAME = "$(TARGET_NAME)";
				TEST_HOST = "$(BUILT_PRODUCTS_DIR)/MrBattery.app/MrBattery";
			};
			name = Release;
		};
		00414D111CE2B3AB002B6B1B /* Debug */ = {
			isa = XCBuildConfiguration;
			buildSettings = {
				INFOPLIST_FILE = MrBatteryUITests/Info.plist;
				LD_RUNPATH_SEARCH_PATHS = "$(inherited) @executable_path/Frameworks @loader_path/Frameworks";
				PRODUCT_BUNDLE_IDENTIFIER = xiao.wang.MrBatteryUITests;
				PRODUCT_NAME = "$(TARGET_NAME)";
				TEST_TARGET_NAME = MrBattery;
			};
			name = Debug;
		};
		00414D121CE2B3AB002B6B1B /* Release */ = {
			isa = XCBuildConfiguration;
			buildSettings = {
				INFOPLIST_FILE = MrBatteryUITests/Info.plist;
				LD_RUNPATH_SEARCH_PATHS = "$(inherited) @executable_path/Frameworks @loader_path/Frameworks";
				PRODUCT_BUNDLE_IDENTIFIER = xiao.wang.MrBatteryUITests;
				PRODUCT_NAME = "$(TARGET_NAME)";
				TEST_TARGET_NAME = MrBattery;
			};
			name = Release;
		};
/* End XCBuildConfiguration section */

/* Begin XCConfigurationList section */
		00414CDD1CE2B3AB002B6B1B /* Build configuration list for PBXProject "MrBattery" */ = {
			isa = XCConfigurationList;
			buildConfigurations = (
				00414D081CE2B3AB002B6B1B /* Debug */,
				00414D091CE2B3AB002B6B1B /* Release */,
			);
			defaultConfigurationIsVisible = 0;
			defaultConfigurationName = Release;
		};
		00414D0A1CE2B3AB002B6B1B /* Build configuration list for PBXNativeTarget "MrBattery" */ = {
			isa = XCConfigurationList;
			buildConfigurations = (
				00414D0B1CE2B3AB002B6B1B /* Debug */,
				00414D0C1CE2B3AB002B6B1B /* Release */,
			);
			defaultConfigurationIsVisible = 0;
			defaultConfigurationName = Release;
		};
		00414D0D1CE2B3AB002B6B1B /* Build configuration list for PBXNativeTarget "MrBatteryTests" */ = {
			isa = XCConfigurationList;
			buildConfigurations = (
				00414D0E1CE2B3AB002B6B1B /* Debug */,
				00414D0F1CE2B3AB002B6B1B /* Release */,
			);
			defaultConfigurationIsVisible = 0;
			defaultConfigurationName = Release;
		};
		00414D101CE2B3AB002B6B1B /* Build configuration list for PBXNativeTarget "MrBatteryUITests" */ = {
			isa = XCConfigurationList;
			buildConfigurations = (
				00414D111CE2B3AB002B6B1B /* Debug */,
				00414D121CE2B3AB002B6B1B /* Release */,
			);
			defaultConfigurationIsVisible = 0;
			defaultConfigurationName = Release;
		};
/* End XCConfigurationList section */
	};
	rootObject = 00414CDA1CE2B3AB002B6B1B /* Project object */;
}
